<?xml version="1.0" encoding="utf-8"?>
<Project ToolsVersion="4.0" xmlns="http://schemas.microsoft.com/developer/msbuild/2003">
  <ItemGroup>
    <ClCompile Include="j1Window.cpp">
      <Filter>Desenvolupament  ========\Modules</Filter>
    </ClCompile>
    <ClCompile Include="j1Audio.cpp">
      <Filter>Desenvolupament  ========\Modules</Filter>
    </ClCompile>
    <ClCompile Include="j1App.cpp">
      <Filter>Desenvolupament  ========</Filter>
    </ClCompile>
    <ClCompile Include="j1Input.cpp">
      <Filter>Desenvolupament  ========\Modules</Filter>
    </ClCompile>
    <ClCompile Include="j1Main.cpp">
      <Filter>Desenvolupament  ========</Filter>
    </ClCompile>
    <ClCompile Include="j1Render.cpp">
      <Filter>Desenvolupament  ========\Modules</Filter>
    </ClCompile>
    <ClCompile Include="j1Textures.cpp">
      <Filter>Desenvolupament  ========\Modules</Filter>
    </ClCompile>
    <ClCompile Include="p2Log.cpp">
      <Filter>Programacio 2 ===========</Filter>
    </ClCompile>
    <ClCompile Include="j1Scene.cpp">
      <Filter>Desenvolupament  ========\Scenes</Filter>
    </ClCompile>
    <ClCompile Include="PugiXml\src\pugixml.cpp">
      <Filter>Desenvolupament  ========\Tools\PuguiXML</Filter>
    </ClCompile>
    <ClCompile Include="j1Map.cpp">
      <Filter>Desenvolupament  ========\Modules</Filter>
    </ClCompile>
    <ClCompile Include="j1Collision.cpp">
      <Filter>Desenvolupament  ========\Modules</Filter>
    </ClCompile>
    <ClCompile Include="j1FadeToBlack.cpp">
      <Filter>Desenvolupament  ========\Modules</Filter>
    </ClCompile>
    <ClCompile Include="j1Pathfinding.cpp">
      <Filter>Desenvolupament  ========\Modules</Filter>
    </ClCompile>
    <ClCompile Include="j1PerfTimer.cpp">
      <Filter>Desenvolupament  ========\Tools</Filter>
    </ClCompile>
    <ClCompile Include="j1Timer.cpp">
      <Filter>Desenvolupament  ========\Tools</Filter>
    </ClCompile>
    <ClCompile Include="j1Entity.cpp">
      <Filter>Desenvolupament  ========\Objects</Filter>
    </ClCompile>
    <ClCompile Include="j1Player.cpp">
      <Filter>Desenvolupament  ========\Objects</Filter>
    </ClCompile>
    <ClCompile Include="j1Enemy.cpp">
      <Filter>Desenvolupament  ========\Objects</Filter>
    </ClCompile>
    <ClCompile Include="j1Particles.cpp">
      <Filter>Desenvolupament  ========\Objects</Filter>
    </ClCompile>
    <ClCompile Include="j1EnemyLand.cpp">
      <Filter>Desenvolupament  ========\Objects</Filter>
    </ClCompile>
    <ClCompile Include="j1EntityManager.cpp">
      <Filter>Desenvolupament  ========\Modules</Filter>
    </ClCompile>
    <ClCompile Include="j1EnemyFly.cpp">
      <Filter>Desenvolupament  ========\Objects</Filter>
    </ClCompile>
    <ClCompile Include="j1Bonfire.cpp">
      <Filter>Desenvolupament  ========\Objects</Filter>
    </ClCompile>
    <ClCompile Include="j1Checkpoint.cpp">
      <Filter>Desenvolupament  ========\Modules</Filter>
    </ClCompile>
    <ClCompile Include="j1GUI.cpp">
      <Filter>Desenvolupament  ========\GUI</Filter>
    </ClCompile>
    <ClCompile Include="j1GUIelement.cpp">
      <Filter>Desenvolupament  ========\GUI</Filter>
    </ClCompile>
    <ClCompile Include="j1GUIbutton.cpp">
      <Filter>Desenvolupament  ========\GUI\Elements</Filter>
    </ClCompile>
    <ClCompile Include="j1Fonts.cpp">
      <Filter>Desenvolupament  ========\Modules</Filter>
    </ClCompile>
    <ClCompile Include="j1GUIinputBox.cpp">
      <Filter>Desenvolupament  ========\GUI\Elements</Filter>
    </ClCompile>
    <ClCompile Include="j1GUIscrollBar.cpp">
      <Filter>Desenvolupament  ========\GUI\Elements</Filter>
    </ClCompile>
    <ClCompile Include="j1GUIlabel.cpp">
      <Filter>Desenvolupament  ========\GUI\Elements</Filter>
    </ClCompile>
    <ClCompile Include="j1GUIimage.cpp">
      <Filter>Desenvolupament  ========\GUI\Elements</Filter>
    </ClCompile>
  </ItemGroup>
  <ItemGroup>
    <ClInclude Include="j1Window.h">
      <Filter>Desenvolupament  ========\Modules</Filter>
    </ClInclude>
    <ClInclude Include="j1Audio.h">
      <Filter>Desenvolupament  ========\Modules</Filter>
    </ClInclude>
    <ClInclude Include="j1App.h">
      <Filter>Desenvolupament  ========</Filter>
    </ClInclude>
    <ClInclude Include="j1Input.h">
      <Filter>Desenvolupament  ========\Modules</Filter>
    </ClInclude>
    <ClInclude Include="j1Module.h">
      <Filter>Desenvolupament  ========</Filter>
    </ClInclude>
    <ClInclude Include="j1Render.h">
      <Filter>Desenvolupament  ========\Modules</Filter>
    </ClInclude>
    <ClInclude Include="j1Textures.h">
      <Filter>Desenvolupament  ========\Modules</Filter>
    </ClInclude>
    <ClInclude Include="p2Defs.h">
      <Filter>Programacio 2 ===========</Filter>
    </ClInclude>
    <ClInclude Include="p2List.h">
      <Filter>Programacio 2 ===========</Filter>
    </ClInclude>
    <ClInclude Include="p2Log.h">
      <Filter>Programacio 2 ===========</Filter>
    </ClInclude>
    <ClInclude Include="p2SString.h">
      <Filter>Programacio 2 ===========</Filter>
    </ClInclude>
    <ClInclude Include="p2Point.h">
      <Filter>Programacio 2 ===========</Filter>
    </ClInclude>
    <ClInclude Include="p2DynArray.h">
      <Filter>Programacio 2 ===========</Filter>
    </ClInclude>
    <ClInclude Include="j1Scene.h">
      <Filter>Desenvolupament  ========\Scenes</Filter>
    </ClInclude>
    <ClInclude Include="PugiXml\src\pugiconfig.hpp">
      <Filter>Desenvolupament  ========\Tools\PuguiXML</Filter>
    </ClInclude>
    <ClInclude Include="PugiXml\src\pugixml.hpp">
      <Filter>Desenvolupament  ========\Tools\PuguiXML</Filter>
    </ClInclude>
    <ClInclude Include="j1Map.h">
      <Filter>Desenvolupament  ========\Modules</Filter>
    </ClInclude>
    <ClInclude Include="j1Collision.h">
      <Filter>Desenvolupament  ========\Modules</Filter>
    </ClInclude>
    <ClInclude Include="p2Animation.h">
      <Filter>Programacio 2 ===========</Filter>
    </ClInclude>
    <ClInclude Include="j1FadeToBlack.h">
      <Filter>Desenvolupament  ========\Modules</Filter>
    </ClInclude>
    <ClInclude Include="j1Pathfinding.h">
      <Filter>Desenvolupament  ========\Modules</Filter>
    </ClInclude>
    <ClInclude Include="j1PerfTimer.h">
      <Filter>Desenvolupament  ========\Tools</Filter>
    </ClInclude>
    <ClInclude Include="j1Timer.h">
      <Filter>Desenvolupament  ========\Tools</Filter>
    </ClInclude>
    <ClInclude Include="j1Entity.h">
      <Filter>Desenvolupament  ========\Objects</Filter>
    </ClInclude>
    <ClInclude Include="j1Player.h">
      <Filter>Desenvolupament  ========\Objects</Filter>
    </ClInclude>
    <ClInclude Include="j1Enemy.h">
      <Filter>Desenvolupament  ========\Objects</Filter>
    </ClInclude>
    <ClInclude Include="j1Particles.h">
      <Filter>Desenvolupament  ========\Objects</Filter>
    </ClInclude>
    <ClInclude Include="j1EnemyFly.h">
      <Filter>Desenvolupament  ========\Objects</Filter>
    </ClInclude>
    <ClInclude Include="j1EnemyLand.h">
      <Filter>Desenvolupament  ========\Objects</Filter>
    </ClInclude>
    <ClInclude Include="j1EntityManager.h">
      <Filter>Desenvolupament  ========\Modules</Filter>
    </ClInclude>
    <ClInclude Include="j1Bonfire.h">
      <Filter>Desenvolupament  ========\Objects</Filter>
    </ClInclude>
    <ClInclude Include="j1Checkpoint.h">
      <Filter>Desenvolupament  ========\Modules</Filter>
    </ClInclude>
    <ClInclude Include="j1GUI.h">
      <Filter>Desenvolupament  ========\GUI</Filter>
    </ClInclude>
    <ClInclude Include="j1GUIelement.h">
      <Filter>Desenvolupament  ========\GUI</Filter>
    </ClInclude>
    <ClInclude Include="j1GUIbutton.h">
      <Filter>Desenvolupament  ========\GUI\Elements</Filter>
    </ClInclude>
    <ClInclude Include="j1Fonts.h">
      <Filter>Desenvolupament  ========\Modules</Filter>
    </ClInclude>
    <ClInclude Include="j1GUIinputBox.h">
      <Filter>Desenvolupament  ========\GUI\Elements</Filter>
    </ClInclude>
    <ClInclude Include="j1GUIscrollBar.h">
      <Filter>Desenvolupament  ========\GUI\Elements</Filter>
    </ClInclude>
    <ClInclude Include="j1GUIlabel.h">
      <Filter>Desenvolupament  ========\GUI\Elements</Filter>
    </ClInclude>
    <ClInclude Include="j1GUIimage.h">
      <Filter>Desenvolupament  ========\GUI\Elements</Filter>
    </ClInclude>
  </ItemGroup>
  <ItemGroup>
    <Filter Include="Programacio 2 ===========">
      <UniqueIdentifier>{a8bfab6a-5472-4969-943e-861a8b493f08}</UniqueIdentifier>
    </Filter>
    <Filter Include="Desenvolupament  ========">
      <UniqueIdentifier>{cb944693-b9d0-484c-bad2-02d5a7cdbec6}</UniqueIdentifier>
    </Filter>
    <Filter Include="Desenvolupament  ========\Tools">
      <UniqueIdentifier>{42c748be-4a37-49de-970f-5be811d06b38}</UniqueIdentifier>
    </Filter>
    <Filter Include="Desenvolupament  ========\Scenes">
      <UniqueIdentifier>{e07660eb-d36f-4cc9-af59-324d31c2f2f6}</UniqueIdentifier>
    </Filter>
    <Filter Include="Desenvolupament  ========\Modules">
      <UniqueIdentifier>{244722d1-90ce-423d-8e7a-556211865a32}</UniqueIdentifier>
    </Filter>
    <Filter Include="Desenvolupament  ========\Tools\PuguiXML">
      <UniqueIdentifier>{7cb78d67-17cc-45eb-af97-e2106becce7b}</UniqueIdentifier>
    </Filter>
    <Filter Include="Desenvolupament  ========\Objects">
      <UniqueIdentifier>{265f06b7-f6d6-420b-9e6f-b86a55dad9db}</UniqueIdentifier>
    </Filter>
    <Filter Include="Desenvolupament  ========\GUI">
      <UniqueIdentifier>{a740a9eb-8f3d-483f-8b4a-3801ac6c547d}</UniqueIdentifier>
    </Filter>
    <Filter Include="Desenvolupament  ========\GUI\Elements">
      <UniqueIdentifier>{0a6a23da-9b22-40d3-bf08-25eca592dba8}</UniqueIdentifier>
    </Filter>
  </ItemGroup>
</Project>